
Microsoft Visual Studio Solution File, Format Version 12.00
# Visual Studio 14
VisualStudioVersion = 14.0.24720.0
MinimumVisualStudioVersion = 10.0.40219.1
Project("{FAE04EC0-301F-11D3-BF4B-00C04F79EFBC}") = "01. ClassBox", "01. ClassBox\01. ClassBox.csproj", "{82641E15-585A-407D-8CEA-001B2C9B9AB4}"
EndProject
Project("{FAE04EC0-301F-11D3-BF4B-00C04F79EFBC}") = "03. ShoppingSpree", "03. ShoppingSpree\03. ShoppingSpree.csproj", "{55B9CB4A-375F-4F0E-A07E-F20EE6150BBF}"
EndProject
Project("{FAE04EC0-301F-11D3-BF4B-00C04F79EFBC}") = "04. Pizza Calories", "04. Pizza Calories\04. Pizza Calories.csproj", "{1273F208-6DB2-45B4-9753-364A662B3E3C}"
EndProject
Global
	GlobalSection(SolutionConfigurationPlatforms) = preSolution
		Debug|Any CPU = Debug|Any CPU
		Release|Any CPU = Release|Any CPU
	EndGlobalSection
	GlobalSection(ProjectConfigurationPlatforms) = postSolution
		{82641E15-585A-407D-8CEA-001B2C9B9AB4}.Debug|Any CPU.ActiveCfg = Debug|Any CPU
		{82641E15-585A-407D-8CEA-001B2C9B9AB4}.Debug|Any CPU.Build.0 = Debug|Any CPU
		{82641E15-585A-407D-8CEA-001B2C9B9AB4}.Release|Any CPU.ActiveCfg = Release|Any CPU
		{82641E15-585A-407D-8CEA-001B2C9B9AB4}.Release|Any CPU.Build.0 = Release|Any CPU
		{55B9CB4A-375F-4F0E-A07E-F20EE6150BBF}.Debug|Any CPU.ActiveCfg = Debug|Any CPU
		{55B9CB4A-375F-4F0E-A07E-F20EE6150BBF}.Debug|Any CPU.Build.0 = Debug|Any CPU
		{55B9CB4A-375F-4F0E-A07E-F20EE6150BBF}.Release|Any CPU.ActiveCfg = Release|Any CPU
		{55B9CB4A-375F-4F0E-A07E-F20EE6150BBF}.Release|Any CPU.Build.0 = Release|Any CPU
		{1273F208-6DB2-45B4-9753-364A662B3E3C}.Debug|Any CPU.ActiveCfg = Debug|Any CPU
		{1273F208-6DB2-45B4-9753-364A662B3E3C}.Debug|Any CPU.Build.0 = Debug|Any CPU
		{1273F208-6DB2-45B4-9753-364A662B3E3C}.Release|Any CPU.ActiveCfg = Release|Any CPU
		{1273F208-6DB2-45B4-9753-364A662B3E3C}.Release|Any CPU.Build.0 = Release|Any CPU
	EndGlobalSection
	GlobalSection(SolutionProperties) = preSolution
		HideSolutionNode = FALSE
	EndGlobalSection
EndGlobal
